# This file is autogenerated, do not edit; changes may be undone by the next 'dep ensure'.


[[projects]]
  digest = "1:ce530152667dc8ba823a586c1c81175aff2c4e15500520883a2727d0ed17c6f1"
  name = "github.com/influxdata/influxdb"
  packages = [
    "client/v2",
    "models",
    "pkg/escape",
  ]
  pruneopts = "NUT"
  revision = "02d7d4f043b34ecb4e9b2dbec298c6f9450c2a32"
  version = "v1.5.2"

[[projects]]
  digest = "1:c19ca00bbecdc0bf0b91659830b6e37d1028a344d2da5d82d641e5851c762a77"
  name = "go.opencensus.io"
  packages = [
    ".",
    "exemplar",
    "internal",
    "internal/tagencoding",
    "stats",
    "stats/internal",
    "stats/view",
    "tag",
    "trace",
    "trace/internal",
    "trace/tracestate",
  ]
  pruneopts = "NUT"
  revision = "b7bf3cdb64150a8c8c53b769fdeb2ba581bd4d4b"
  version = "v0.18.0"

[solve-meta]
  analyzer-name = "dep"
  analyzer-version = 1
  input-imports = [
    "github.com/influxdata/influxdb/client/v2",
    "go.opencensus.io/stats",
    "go.opencensus.io/stats/view",
    "go.opencensus.io/tag",
    "go.opencensus.io/trace",
  ]
  solver-name = "gps-cdcl"
  solver-version = 1
